{
  "name": "node-red-contrib-pccc",
  "version": "1.0.1",
  "lockfileVersion": 1,
  "requires": true,
  "dependencies": {
    "nodepccc": {
      "version": "0.1.17",
      "resolved": "https://registry.npmjs.org/nodepccc/-/nodepccc-0.1.17.tgz",
      "integrity": "sha512-2mVKgvB48mEl2DEl5Ga7/sZ8lvdp9Wc4iVQdUv0H1KzMINlvcUfg/CdJe89KBQfPP6gMQmE2bHBdElm0CSKnog=="
    }
  }
}
